
Microsoft Visual Studio Solution File, Format Version 12.00
# Visual Studio Version 17
VisualStudioVersion = 17.8.34330.188
MinimumVisualStudioVersion = 10.0.40219.1
Project("{FAE04EC0-301F-11D3-BF4B-00C04F79EFBC}") = "Event Management API", "Event Management API\Event Management API.csproj", "{73C479E3-4225-4051-B7C4-B0C101D63EE6}"
EndProject
Global
	GlobalSection(SolutionConfigurationPlatforms) = preSolution
		Debug|Any CPU = Debug|Any CPU
		Release|Any CPU = Release|Any CPU
	EndGlobalSection
	GlobalSection(ProjectConfigurationPlatforms) = postSolution
		{73C479E3-4225-4051-B7C4-B0C101D63EE6}.Debug|Any CPU.ActiveCfg = Debug|Any CPU
		{73C479E3-4225-4051-B7C4-B0C101D63EE6}.Debug|Any CPU.Build.0 = Debug|Any CPU
		{73C479E3-4225-4051-B7C4-B0C101D63EE6}.Release|Any CPU.ActiveCfg = Release|Any CPU
		{73C479E3-4225-4051-B7C4-B0C101D63EE6}.Release|Any CPU.Build.0 = Release|Any CPU
	EndGlobalSection
	GlobalSection(SolutionProperties) = preSolution
		HideSolutionNode = FALSE
	EndGlobalSection
	GlobalSection(ExtensibilityGlobals) = postSolution
		SolutionGuid = {0CA2F6D0-858D-49CD-A0ED-6BBD7E0D25AE}
	EndGlobalSection
EndGlobal
